uuid: 7a07a2ae-fefc-4115-861b-b8187b282f91
langcode: en
status: true
dependencies:
  content:
    - 'block_content:basic:8bf72903-285d-41f2-9108-4148022edd1f'
  module:
    - block_content
    - system
  theme:
    - olivero
id: olivero_testblock
theme: olivero
region: sidebar
weight: 0
provider: null
plugin: 'block_content:8bf72903-285d-41f2-9108-4148022edd1f'
settings:
  id: 'block_content:8bf72903-285d-41f2-9108-4148022edd1f'
  label: 'Test block'
  label_display: visible
  provider: block_content
  status: true
  info: ''
  view_mode: full
visibility:
  request_path:
    id: request_path
    negate: false
    pages: '<front>'
