uuid: acb3c8bb-da85-49ae-a20c-8d2d1e13c0e4
langcode: en
status: true
dependencies:
  module:
    - amd_blocks
    - system
    - user
  theme:
    - olivero
id: olivero_amdhelloworldblock
theme: olivero
region: content_above
weight: 0
provider: null
plugin: amd_blocks_hello_world
settings:
  id: amd_blocks_hello_world
  label: 'AMD Hello World Block'
  label_display: visible
  provider: amd_blocks
visibility:
  request_path:
    id: request_path
    negate: false
    pages: '/user/*'
  user_role:
    id: user_role
    negate: false
    context_mapping:
      user: '@user.current_user_context:current_user'
    roles:
      authenticated: authenticated
