uuid: 63a12f0d-e4c6-47ea-a6ad-c4594b7c29d4
langcode: en
status: true
dependencies:
  module:
    - download_files
  theme:
    - olivero
id: olivero_downloadfilesblock
theme: olivero
region: sidebar
weight: -10
provider: null
plugin: download_files_block
settings:
  id: download_files_block
  label: 'Download files block'
  label_display: visible
  provider: download_files
visibility: {  }
